
Microsoft Visual Studio Solution File, Format Version 12.00
# Visual Studio Version 17
VisualStudioVersion = 17.3.32929.385
MinimumVisualStudioVersion = 10.0.40219.1
Project("{FAE04EC0-301F-11D3-BF4B-00C04F79EFBC}") = "Task1", "Task1\Task1.csproj", "{7C5559BE-CF6E-43F9-8261-6E156ADCB31F}"
EndProject
Project("{FAE04EC0-301F-11D3-BF4B-00C04F79EFBC}") = "Task2", "Task2\Task2.csproj", "{8FE53F8F-9174-4C3B-990D-C46CE2505A12}"
EndProject
Project("{FAE04EC0-301F-11D3-BF4B-00C04F79EFBC}") = "Task3", "Task3\Task3.csproj", "{8B738856-DA0F-40B4-A990-8801AAF97739}"
EndProject
Global
	GlobalSection(SolutionConfigurationPlatforms) = preSolution
		Debug|Any CPU = Debug|Any CPU
		Release|Any CPU = Release|Any CPU
	EndGlobalSection
	GlobalSection(ProjectConfigurationPlatforms) = postSolution
		{7C5559BE-CF6E-43F9-8261-6E156ADCB31F}.Debug|Any CPU.ActiveCfg = Debug|Any CPU
		{7C5559BE-CF6E-43F9-8261-6E156ADCB31F}.Debug|Any CPU.Build.0 = Debug|Any CPU
		{7C5559BE-CF6E-43F9-8261-6E156ADCB31F}.Release|Any CPU.ActiveCfg = Release|Any CPU
		{7C5559BE-CF6E-43F9-8261-6E156ADCB31F}.Release|Any CPU.Build.0 = Release|Any CPU
		{8FE53F8F-9174-4C3B-990D-C46CE2505A12}.Debug|Any CPU.ActiveCfg = Debug|Any CPU
		{8FE53F8F-9174-4C3B-990D-C46CE2505A12}.Debug|Any CPU.Build.0 = Debug|Any CPU
		{8FE53F8F-9174-4C3B-990D-C46CE2505A12}.Release|Any CPU.ActiveCfg = Release|Any CPU
		{8FE53F8F-9174-4C3B-990D-C46CE2505A12}.Release|Any CPU.Build.0 = Release|Any CPU
		{8B738856-DA0F-40B4-A990-8801AAF97739}.Debug|Any CPU.ActiveCfg = Debug|Any CPU
		{8B738856-DA0F-40B4-A990-8801AAF97739}.Debug|Any CPU.Build.0 = Debug|Any CPU
		{8B738856-DA0F-40B4-A990-8801AAF97739}.Release|Any CPU.ActiveCfg = Release|Any CPU
		{8B738856-DA0F-40B4-A990-8801AAF97739}.Release|Any CPU.Build.0 = Release|Any CPU
	EndGlobalSection
	GlobalSection(SolutionProperties) = preSolution
		HideSolutionNode = FALSE
	EndGlobalSection
	GlobalSection(ExtensibilityGlobals) = postSolution
		SolutionGuid = {80B4B024-9878-4030-90E5-5107E0F95806}
	EndGlobalSection
EndGlobal
